
Microsoft Visual Studio Solution File, Format Version 11.00
# Visual Studio 2010
Project("{FAE04EC0-301F-11D3-BF4B-00C04F79EFBC}") = "MCPForUnity.Runtime", "MCPForUnity.Runtime.csproj", "{9e8c9c30-eca9-a464-eeba-3b5d49d66599}"
EndProject
Project("{FAE04EC0-301F-11D3-BF4B-00C04F79EFBC}") = "Unity.Collections", "Unity.Collections.csproj", "{e9383846-47e6-3fc0-d33d-4d96a5a65d99}"
EndProject
Project("{FAE04EC0-301F-11D3-BF4B-00C04F79EFBC}") = "Svelto.Tasks", "Svelto.Tasks.csproj", "{04e63076-d69c-f272-f946-371e505ad8a0}"
EndProject
Project("{FAE04EC0-301F-11D3-BF4B-00C04F79EFBC}") = "Svelto.Common", "Svelto.Common.csproj", "{a1c341e8-ab31-ab6e-5a9a-d66ea9331606}"
EndProject
Project("{FAE04EC0-301F-11D3-BF4B-00C04F79EFBC}") = "MCPForUnity.Editor", "MCPForUnity.Editor.csproj", "{f9a6ae59-df84-fb86-d28d-9092e466a876}"
EndProject
Project("{FAE04EC0-301F-11D3-BF4B-00C04F79EFBC}") = "Unity.PerformanceTesting", "Unity.PerformanceTesting.csproj", "{6d6fb980-3cf1-5a0f-8eb1-e9fa970ccdd2}"
EndProject
Project("{FAE04EC0-301F-11D3-BF4B-00C04F79EFBC}") = "Assembly-CSharp", "Assembly-CSharp.csproj", "{6e095e9e-5efc-0b71-8df6-b4cca0a56684}"
EndProject
Project("{FAE04EC0-301F-11D3-BF4B-00C04F79EFBC}") = "Unity.Collections.CodeGen", "Unity.Collections.CodeGen.csproj", "{efaf015a-30fe-fdf1-ad84-11c79633ae9a}"
EndProject
Project("{FAE04EC0-301F-11D3-BF4B-00C04F79EFBC}") = "Svelto.Pool.Debugger", "Svelto.Pool.Debugger.csproj", "{f138a9ac-221e-7572-21b0-7d4aa81ea21a}"
EndProject
Project("{FAE04EC0-301F-11D3-BF4B-00C04F79EFBC}") = "Unity.Collections.Editor", "Unity.Collections.Editor.csproj", "{d5038797-0218-45f2-f64b-b3b3a5548bd0}"
EndProject
Project("{FAE04EC0-301F-11D3-BF4B-00C04F79EFBC}") = "MCPForUnity.Runtime", "MCPForUnity.Runtime.Player.csproj", "{ffc832f6-334a-939c-cd44-7869c1a18b5d}"
EndProject
Project("{FAE04EC0-301F-11D3-BF4B-00C04F79EFBC}") = "Unity.Collections", "Unity.Collections.Player.csproj", "{1caf1da5-11c2-e1ea-1e90-c9ad41b6da4e}"
EndProject
Project("{FAE04EC0-301F-11D3-BF4B-00C04F79EFBC}") = "Svelto.Tasks", "Svelto.Tasks.Player.csproj", "{f2d35f50-167c-1749-bc41-6a3727c5d78e}"
EndProject
Project("{FAE04EC0-301F-11D3-BF4B-00C04F79EFBC}") = "Svelto.Common", "Svelto.Common.Player.csproj", "{3a0c2498-c3b8-8c56-edea-acc6cca91135}"
EndProject
Project("{FAE04EC0-301F-11D3-BF4B-00C04F79EFBC}") = "Unity.PerformanceTesting", "Unity.PerformanceTesting.Player.csproj", "{30d1037b-0863-f365-b197-028c8c81d8ce}"
EndProject
Project("{FAE04EC0-301F-11D3-BF4B-00C04F79EFBC}") = "Assembly-CSharp", "Assembly-CSharp.Player.csproj", "{0d8fe132-a18c-1ae6-f6bc-ca51402dc103}"
EndProject
Project("{FAE04EC0-301F-11D3-BF4B-00C04F79EFBC}") = "Unity.Collections.DocCodeSamples", "Unity.Collections.DocCodeSamples.csproj", "{cfb1a7ba-ffaa-8f95-d7a8-860c1f909be2}"
EndProject
Project("{FAE04EC0-301F-11D3-BF4B-00C04F79EFBC}") = "Unity.Collections.PerformanceTests", "Unity.Collections.PerformanceTests.csproj", "{925858b0-8252-5b14-7833-47dee5731e1c}"
EndProject
Project("{FAE04EC0-301F-11D3-BF4B-00C04F79EFBC}") = "Unity.Collections.Tests", "Unity.Collections.Tests.csproj", "{11ce6a79-46f6-8fb7-c1c5-ff897bac3d00}"
EndProject
Project("{FAE04EC0-301F-11D3-BF4B-00C04F79EFBC}") = "Unity.Collections.Tests.Playmode", "Unity.Collections.Tests.Playmode.csproj", "{60794420-95cc-6886-df2c-381622c3479c}"
EndProject
Project("{FAE04EC0-301F-11D3-BF4B-00C04F79EFBC}") = "Unity.Collections.BurstCompatibilityGen", "Unity.Collections.BurstCompatibilityGen.csproj", "{8dbfe450-7467-c791-f2fc-44b9ac55816e}"
EndProject
Global
	GlobalSection(SolutionConfigurationPlatforms) = preSolution
		Debug|Any CPU = Debug|Any CPU
	EndGlobalSection
	GlobalSection(ProjectConfigurationPlatforms) = postSolution
		{9e8c9c30-eca9-a464-eeba-3b5d49d66599}.Debug|Any CPU.ActiveCfg = Debug|Any CPU
		{9e8c9c30-eca9-a464-eeba-3b5d49d66599}.Debug|Any CPU.Build.0 = Debug|Any CPU
		{e9383846-47e6-3fc0-d33d-4d96a5a65d99}.Debug|Any CPU.ActiveCfg = Debug|Any CPU
		{e9383846-47e6-3fc0-d33d-4d96a5a65d99}.Debug|Any CPU.Build.0 = Debug|Any CPU
		{04e63076-d69c-f272-f946-371e505ad8a0}.Debug|Any CPU.ActiveCfg = Debug|Any CPU
		{04e63076-d69c-f272-f946-371e505ad8a0}.Debug|Any CPU.Build.0 = Debug|Any CPU
		{a1c341e8-ab31-ab6e-5a9a-d66ea9331606}.Debug|Any CPU.ActiveCfg = Debug|Any CPU
		{a1c341e8-ab31-ab6e-5a9a-d66ea9331606}.Debug|Any CPU.Build.0 = Debug|Any CPU
		{f9a6ae59-df84-fb86-d28d-9092e466a876}.Debug|Any CPU.ActiveCfg = Debug|Any CPU
		{f9a6ae59-df84-fb86-d28d-9092e466a876}.Debug|Any CPU.Build.0 = Debug|Any CPU
		{6d6fb980-3cf1-5a0f-8eb1-e9fa970ccdd2}.Debug|Any CPU.ActiveCfg = Debug|Any CPU
		{6d6fb980-3cf1-5a0f-8eb1-e9fa970ccdd2}.Debug|Any CPU.Build.0 = Debug|Any CPU
		{6e095e9e-5efc-0b71-8df6-b4cca0a56684}.Debug|Any CPU.ActiveCfg = Debug|Any CPU
		{6e095e9e-5efc-0b71-8df6-b4cca0a56684}.Debug|Any CPU.Build.0 = Debug|Any CPU
		{efaf015a-30fe-fdf1-ad84-11c79633ae9a}.Debug|Any CPU.ActiveCfg = Debug|Any CPU
		{efaf015a-30fe-fdf1-ad84-11c79633ae9a}.Debug|Any CPU.Build.0 = Debug|Any CPU
		{f138a9ac-221e-7572-21b0-7d4aa81ea21a}.Debug|Any CPU.ActiveCfg = Debug|Any CPU
		{f138a9ac-221e-7572-21b0-7d4aa81ea21a}.Debug|Any CPU.Build.0 = Debug|Any CPU
		{d5038797-0218-45f2-f64b-b3b3a5548bd0}.Debug|Any CPU.ActiveCfg = Debug|Any CPU
		{d5038797-0218-45f2-f64b-b3b3a5548bd0}.Debug|Any CPU.Build.0 = Debug|Any CPU
		{ffc832f6-334a-939c-cd44-7869c1a18b5d}.Debug|Any CPU.ActiveCfg = Debug|Any CPU
		{ffc832f6-334a-939c-cd44-7869c1a18b5d}.Debug|Any CPU.Build.0 = Debug|Any CPU
		{1caf1da5-11c2-e1ea-1e90-c9ad41b6da4e}.Debug|Any CPU.ActiveCfg = Debug|Any CPU
		{1caf1da5-11c2-e1ea-1e90-c9ad41b6da4e}.Debug|Any CPU.Build.0 = Debug|Any CPU
		{f2d35f50-167c-1749-bc41-6a3727c5d78e}.Debug|Any CPU.ActiveCfg = Debug|Any CPU
		{f2d35f50-167c-1749-bc41-6a3727c5d78e}.Debug|Any CPU.Build.0 = Debug|Any CPU
		{3a0c2498-c3b8-8c56-edea-acc6cca91135}.Debug|Any CPU.ActiveCfg = Debug|Any CPU
		{3a0c2498-c3b8-8c56-edea-acc6cca91135}.Debug|Any CPU.Build.0 = Debug|Any CPU
		{30d1037b-0863-f365-b197-028c8c81d8ce}.Debug|Any CPU.ActiveCfg = Debug|Any CPU
		{30d1037b-0863-f365-b197-028c8c81d8ce}.Debug|Any CPU.Build.0 = Debug|Any CPU
		{0d8fe132-a18c-1ae6-f6bc-ca51402dc103}.Debug|Any CPU.ActiveCfg = Debug|Any CPU
		{0d8fe132-a18c-1ae6-f6bc-ca51402dc103}.Debug|Any CPU.Build.0 = Debug|Any CPU
		{cfb1a7ba-ffaa-8f95-d7a8-860c1f909be2}.Debug|Any CPU.ActiveCfg = Debug|Any CPU
		{cfb1a7ba-ffaa-8f95-d7a8-860c1f909be2}.Debug|Any CPU.Build.0 = Debug|Any CPU
		{925858b0-8252-5b14-7833-47dee5731e1c}.Debug|Any CPU.ActiveCfg = Debug|Any CPU
		{925858b0-8252-5b14-7833-47dee5731e1c}.Debug|Any CPU.Build.0 = Debug|Any CPU
		{11ce6a79-46f6-8fb7-c1c5-ff897bac3d00}.Debug|Any CPU.ActiveCfg = Debug|Any CPU
		{11ce6a79-46f6-8fb7-c1c5-ff897bac3d00}.Debug|Any CPU.Build.0 = Debug|Any CPU
		{60794420-95cc-6886-df2c-381622c3479c}.Debug|Any CPU.ActiveCfg = Debug|Any CPU
		{60794420-95cc-6886-df2c-381622c3479c}.Debug|Any CPU.Build.0 = Debug|Any CPU
		{8dbfe450-7467-c791-f2fc-44b9ac55816e}.Debug|Any CPU.ActiveCfg = Debug|Any CPU
		{8dbfe450-7467-c791-f2fc-44b9ac55816e}.Debug|Any CPU.Build.0 = Debug|Any CPU
	EndGlobalSection
	GlobalSection(SolutionProperties) = preSolution
		HideSolutionNode = FALSE
	EndGlobalSection
EndGlobal
