
Microsoft Visual Studio Solution File, Format Version 11.00
# Visual Studio 2010
Project("{FAE04EC0-301F-11D3-BF4B-00C04F79EFBC}") = "Svelto.Common", "Svelto.Common.csproj", "{a1c341e8-ab31-ab6e-5a9a-d66ea9331606}"
EndProject
Project("{FAE04EC0-301F-11D3-BF4B-00C04F79EFBC}") = "Svelto.Tasks", "Svelto.Tasks.csproj", "{04e63076-d69c-f272-f946-371e505ad8a0}"
EndProject
Project("{FAE04EC0-301F-11D3-BF4B-00C04F79EFBC}") = "Assembly-CSharp", "Assembly-CSharp.csproj", "{6e095e9e-5efc-0b71-8df6-b4cca0a56684}"
EndProject
Project("{FAE04EC0-301F-11D3-BF4B-00C04F79EFBC}") = "Svelto.Pool.Debugger", "Svelto.Pool.Debugger.csproj", "{f138a9ac-221e-7572-21b0-7d4aa81ea21a}"
EndProject
Project("{FAE04EC0-301F-11D3-BF4B-00C04F79EFBC}") = "Svelto.Common", "Svelto.Common.Player.csproj", "{3a0c2498-c3b8-8c56-edea-acc6cca91135}"
EndProject
Project("{FAE04EC0-301F-11D3-BF4B-00C04F79EFBC}") = "Svelto.Tasks", "Svelto.Tasks.Player.csproj", "{f2d35f50-167c-1749-bc41-6a3727c5d78e}"
EndProject
Project("{FAE04EC0-301F-11D3-BF4B-00C04F79EFBC}") = "Assembly-CSharp", "Assembly-CSharp.Player.csproj", "{0d8fe132-a18c-1ae6-f6bc-ca51402dc103}"
EndProject
Global
	GlobalSection(SolutionConfigurationPlatforms) = preSolution
		Debug|Any CPU = Debug|Any CPU
	EndGlobalSection
	GlobalSection(ProjectConfigurationPlatforms) = postSolution
		{a1c341e8-ab31-ab6e-5a9a-d66ea9331606}.Debug|Any CPU.ActiveCfg = Debug|Any CPU
		{a1c341e8-ab31-ab6e-5a9a-d66ea9331606}.Debug|Any CPU.Build.0 = Debug|Any CPU
		{04e63076-d69c-f272-f946-371e505ad8a0}.Debug|Any CPU.ActiveCfg = Debug|Any CPU
		{04e63076-d69c-f272-f946-371e505ad8a0}.Debug|Any CPU.Build.0 = Debug|Any CPU
		{6e095e9e-5efc-0b71-8df6-b4cca0a56684}.Debug|Any CPU.ActiveCfg = Debug|Any CPU
		{6e095e9e-5efc-0b71-8df6-b4cca0a56684}.Debug|Any CPU.Build.0 = Debug|Any CPU
		{f138a9ac-221e-7572-21b0-7d4aa81ea21a}.Debug|Any CPU.ActiveCfg = Debug|Any CPU
		{f138a9ac-221e-7572-21b0-7d4aa81ea21a}.Debug|Any CPU.Build.0 = Debug|Any CPU
		{3a0c2498-c3b8-8c56-edea-acc6cca91135}.Debug|Any CPU.ActiveCfg = Debug|Any CPU
		{3a0c2498-c3b8-8c56-edea-acc6cca91135}.Debug|Any CPU.Build.0 = Debug|Any CPU
		{f2d35f50-167c-1749-bc41-6a3727c5d78e}.Debug|Any CPU.ActiveCfg = Debug|Any CPU
		{f2d35f50-167c-1749-bc41-6a3727c5d78e}.Debug|Any CPU.Build.0 = Debug|Any CPU
		{0d8fe132-a18c-1ae6-f6bc-ca51402dc103}.Debug|Any CPU.ActiveCfg = Debug|Any CPU
		{0d8fe132-a18c-1ae6-f6bc-ca51402dc103}.Debug|Any CPU.Build.0 = Debug|Any CPU
	EndGlobalSection
	GlobalSection(SolutionProperties) = preSolution
		HideSolutionNode = FALSE
	EndGlobalSection
EndGlobal
